
Microsoft Visual Studio Solution File, Format Version 12.00
# Visual Studio Version 17
VisualStudioVersion = 17.6.33815.320
MinimumVisualStudioVersion = 10.0.40219.1
Project("{9A19103F-16F7-4668-BE54-9A1E7A4F7556}") = "TestAPI", "TestAPI\TestAPI.csproj", "{53BD1146-5F15-4F2D-8268-BAE8B7ABFCB4}"
EndProject
Project("{E24C65DC-7377-472B-9ABA-BC803B73C61A}") = "Test1", "..\Test1\", "{AC2AC81D-DB57-498F-AA6D-B8F94D116776}"
	ProjectSection(WebsiteProperties) = preProject
		TargetFrameworkMoniker = ".NETFramework,Version%3Dv4.8"
		Debug.AspNetCompiler.VirtualPath = "/localhost_59021"
		Debug.AspNetCompiler.PhysicalPath = "..\Test1\"
		Debug.AspNetCompiler.TargetPath = "PrecompiledWeb\localhost_59021\"
		Debug.AspNetCompiler.Updateable = "true"
		Debug.AspNetCompiler.ForceOverwrite = "true"
		Debug.AspNetCompiler.FixedNames = "false"
		Debug.AspNetCompiler.Debug = "True"
		Release.AspNetCompiler.VirtualPath = "/localhost_59021"
		Release.AspNetCompiler.PhysicalPath = "..\Test1\"
		Release.AspNetCompiler.TargetPath = "PrecompiledWeb\localhost_59021\"
		Release.AspNetCompiler.Updateable = "true"
		Release.AspNetCompiler.ForceOverwrite = "true"
		Release.AspNetCompiler.FixedNames = "false"
		Release.AspNetCompiler.Debug = "False"
		VWDPort = "59021"
	EndProjectSection
EndProject
Global
	GlobalSection(SolutionConfigurationPlatforms) = preSolution
		Debug|Any CPU = Debug|Any CPU
		Release|Any CPU = Release|Any CPU
	EndGlobalSection
	GlobalSection(ProjectConfigurationPlatforms) = postSolution
		{53BD1146-5F15-4F2D-8268-BAE8B7ABFCB4}.Debug|Any CPU.ActiveCfg = Debug|Any CPU
		{53BD1146-5F15-4F2D-8268-BAE8B7ABFCB4}.Debug|Any CPU.Build.0 = Debug|Any CPU
		{53BD1146-5F15-4F2D-8268-BAE8B7ABFCB4}.Release|Any CPU.ActiveCfg = Release|Any CPU
		{53BD1146-5F15-4F2D-8268-BAE8B7ABFCB4}.Release|Any CPU.Build.0 = Release|Any CPU
		{AC2AC81D-DB57-498F-AA6D-B8F94D116776}.Debug|Any CPU.ActiveCfg = Debug|Any CPU
		{AC2AC81D-DB57-498F-AA6D-B8F94D116776}.Debug|Any CPU.Build.0 = Debug|Any CPU
		{AC2AC81D-DB57-498F-AA6D-B8F94D116776}.Release|Any CPU.ActiveCfg = Debug|Any CPU
		{AC2AC81D-DB57-498F-AA6D-B8F94D116776}.Release|Any CPU.Build.0 = Debug|Any CPU
	EndGlobalSection
	GlobalSection(SolutionProperties) = preSolution
		HideSolutionNode = FALSE
	EndGlobalSection
	GlobalSection(ExtensibilityGlobals) = postSolution
		SolutionGuid = {6BD6ECCC-B21F-41F7-8003-7C7D63B5BF35}
	EndGlobalSection
EndGlobal
